
Microsoft Visual Studio Solution File, Format Version 12.00
# Visual Studio Version 17
VisualStudioVersion = 17.3.32929.385
MinimumVisualStudioVersion = 10.0.40219.1
Project("{FAE04EC0-301F-11D3-BF4B-00C04F79EFBC}") = "SGB.API", "SGB.API\SGB.API.csproj", "{0336ECCC-4BF6-432B-987A-EDB7CC7D710A}"
EndProject
Global
	GlobalSection(SolutionConfigurationPlatforms) = preSolution
		Debug|Any CPU = Debug|Any CPU
		Release|Any CPU = Release|Any CPU
	EndGlobalSection
	GlobalSection(ProjectConfigurationPlatforms) = postSolution
		{0336ECCC-4BF6-432B-987A-EDB7CC7D710A}.Debug|Any CPU.ActiveCfg = Debug|Any CPU
		{0336ECCC-4BF6-432B-987A-EDB7CC7D710A}.Debug|Any CPU.Build.0 = Debug|Any CPU
		{0336ECCC-4BF6-432B-987A-EDB7CC7D710A}.Release|Any CPU.ActiveCfg = Release|Any CPU
		{0336ECCC-4BF6-432B-987A-EDB7CC7D710A}.Release|Any CPU.Build.0 = Release|Any CPU
	EndGlobalSection
	GlobalSection(SolutionProperties) = preSolution
		HideSolutionNode = FALSE
	EndGlobalSection
	GlobalSection(ExtensibilityGlobals) = postSolution
		SolutionGuid = {5E87A6E6-EDBE-4283-8F0A-89903B2C06FD}
	EndGlobalSection
EndGlobal
